
Microsoft Visual Studio Solution File, Format Version 12.00
# Visual Studio Version 18
VisualStudioVersion = 18.0.11018.127 d18.0
MinimumVisualStudioVersion = 10.0.40219.1
Project("{FAE04EC0-301F-11D3-BF4B-00C04F79EFBC}") = "DeepSigma.PerformanceEngine", "DeepSigma.PerformanceEngine.csproj", "{821F3758-2006-4D20-B725-85483075552C}"
EndProject
Project("{FAE04EC0-301F-11D3-BF4B-00C04F79EFBC}") = "DeepSigma.PerfomanceEngine.Tests", "..\DeepSigma.PerfomanceEngine.Tests\DeepSigma.PerfomanceEngine.Tests.csproj", "{E5890E89-45EB-41CB-95F0-9AFC12326AE1}"
EndProject
Global
	GlobalSection(SolutionConfigurationPlatforms) = preSolution
		Debug|Any CPU = Debug|Any CPU
		Release|Any CPU = Release|Any CPU
	EndGlobalSection
	GlobalSection(ProjectConfigurationPlatforms) = postSolution
		{821F3758-2006-4D20-B725-85483075552C}.Debug|Any CPU.ActiveCfg = Debug|Any CPU
		{821F3758-2006-4D20-B725-85483075552C}.Debug|Any CPU.Build.0 = Debug|Any CPU
		{821F3758-2006-4D20-B725-85483075552C}.Release|Any CPU.ActiveCfg = Release|Any CPU
		{821F3758-2006-4D20-B725-85483075552C}.Release|Any CPU.Build.0 = Release|Any CPU
		{E5890E89-45EB-41CB-95F0-9AFC12326AE1}.Debug|Any CPU.ActiveCfg = Debug|Any CPU
		{E5890E89-45EB-41CB-95F0-9AFC12326AE1}.Debug|Any CPU.Build.0 = Debug|Any CPU
		{E5890E89-45EB-41CB-95F0-9AFC12326AE1}.Release|Any CPU.ActiveCfg = Release|Any CPU
		{E5890E89-45EB-41CB-95F0-9AFC12326AE1}.Release|Any CPU.Build.0 = Release|Any CPU
	EndGlobalSection
	GlobalSection(SolutionProperties) = preSolution
		HideSolutionNode = FALSE
	EndGlobalSection
	GlobalSection(ExtensibilityGlobals) = postSolution
		SolutionGuid = {8A46B80A-834A-4A6E-9895-EA2A5F2239CD}
	EndGlobalSection
EndGlobal
